
Microsoft Visual Studio Solution File, Format Version 12.00
# Visual Studio Version 16
VisualStudioVersion = 16.0.29411.108
MinimumVisualStudioVersion = 10.0.40219.1
Project("{FAE04EC0-301F-11D3-BF4B-00C04F79EFBC}") = "ProjeKafe", "ProjeKafe\ProjeKafe.csproj", "{67282BA6-8B18-467E-AB2B-9DAA3E754DCF}"
EndProject
Global
	GlobalSection(SolutionConfigurationPlatforms) = preSolution
		Debug|Any CPU = Debug|Any CPU
		Release|Any CPU = Release|Any CPU
	EndGlobalSection
	GlobalSection(ProjectConfigurationPlatforms) = postSolution
		{67282BA6-8B18-467E-AB2B-9DAA3E754DCF}.Debug|Any CPU.ActiveCfg = Debug|Any CPU
		{67282BA6-8B18-467E-AB2B-9DAA3E754DCF}.Debug|Any CPU.Build.0 = Debug|Any CPU
		{67282BA6-8B18-467E-AB2B-9DAA3E754DCF}.Release|Any CPU.ActiveCfg = Release|Any CPU
		{67282BA6-8B18-467E-AB2B-9DAA3E754DCF}.Release|Any CPU.Build.0 = Release|Any CPU
	EndGlobalSection
	GlobalSection(SolutionProperties) = preSolution
		HideSolutionNode = FALSE
	EndGlobalSection
	GlobalSection(ExtensibilityGlobals) = postSolution
		SolutionGuid = {E3DF8AB0-F7BA-400F-8FEA-FCF427137959}
	EndGlobalSection
EndGlobal
